
Microsoft Visual Studio Solution File, Format Version 12.00
# Visual Studio Version 17
VisualStudioVersion = 17.10.35122.118
MinimumVisualStudioVersion = 10.0.40219.1
Project("{FAE04EC0-301F-11D3-BF4B-00C04F79EFBC}") = "MapsExample", "MapsExample\MapsExample.csproj", "{0DC33F0E-1DAD-4685-9D3B-BC05DCD8AAAD}"
EndProject
Global
	GlobalSection(SolutionConfigurationPlatforms) = preSolution
		Debug|Any CPU = Debug|Any CPU
		Release|Any CPU = Release|Any CPU
	EndGlobalSection
	GlobalSection(ProjectConfigurationPlatforms) = postSolution
		{0DC33F0E-1DAD-4685-9D3B-BC05DCD8AAAD}.Debug|Any CPU.ActiveCfg = Debug|Any CPU
		{0DC33F0E-1DAD-4685-9D3B-BC05DCD8AAAD}.Debug|Any CPU.Build.0 = Debug|Any CPU
		{0DC33F0E-1DAD-4685-9D3B-BC05DCD8AAAD}.Debug|Any CPU.Deploy.0 = Debug|Any CPU
		{0DC33F0E-1DAD-4685-9D3B-BC05DCD8AAAD}.Release|Any CPU.ActiveCfg = Release|Any CPU
		{0DC33F0E-1DAD-4685-9D3B-BC05DCD8AAAD}.Release|Any CPU.Build.0 = Release|Any CPU
		{0DC33F0E-1DAD-4685-9D3B-BC05DCD8AAAD}.Release|Any CPU.Deploy.0 = Release|Any CPU
	EndGlobalSection
	GlobalSection(SolutionProperties) = preSolution
		HideSolutionNode = FALSE
	EndGlobalSection
	GlobalSection(ExtensibilityGlobals) = postSolution
		SolutionGuid = {1B8620F1-082C-4488-A70E-3F7F6B5EEA2F}
	EndGlobalSection
EndGlobal
